// !$*UTF8*$!
{
	archiveVersion = 1;
	classes = {
	};
	objectVersion = 46;
	objects = {

/* Begin PBXBuildFile section */
		60BD5FFE1DC8E6880061FF93 /* AppDelegate.swift in Sources */ = {isa = PBXBuildFile; fileRef = 60BD5FFD1DC8E6880061FF93 /* AppDelegate.swift */; };
		60BD60001DC8E6880061FF93 /* ViewController.swift in Sources */ = {isa = PBXBuildFile; fileRef = 60BD5FFF1DC8E6880061FF93 /* ViewController.swift */; };
		60BD60031DC8E6880061FF93 /* Main.storyboard in Resources */ = {isa = PBXBuildFile; fileRef = 60BD60011DC8E6880061FF93 /* Main.storyboard */; };
		60BD60051DC8E6880061FF93 /* Assets.xcassets in Resources */ = {isa = PBXBuildFile; fileRef = 60BD60041DC8E6880061FF93 /* Assets.xcassets */; };
		60BD60081DC8E6880061FF93 /* LaunchScreen.storyboard in Resources */ = {isa = PBXBuildFile; fileRef = 60BD60061DC8E6880061FF93 /* LaunchScreen.storyboard */; };
/* End PBXBuildFile section */

/* Begin PBXFileReference section */
		60BD5FFA1DC8E6880061FF93 /* JWPDemo.app */ = {isa = PBXFileReference; explicitFileType = wrapper.application; includeInIndex = 0; path = JWPDemo.app; sourceTree = BUILT_PRODUCTS_DIR; };
		60BD5FFD1DC8E6880061FF93 /* AppDelegate.swift */ = {isa = PBXFileReference; lastKnownFileType = sourcecode.swift; path = AppDelegate.swift; sourceTree = "<group>"; };
		60BD5FFF1DC8E6880061FF93 /* ViewController.swift */ = {isa = PBXFileReference; lastKnownFileType = sourcecode.swift; path = ViewController.swift; sourceTree = "<group>"; };
		60BD60021DC8E6880061FF93 /* Base */ = {isa = PBXFileReference; lastKnownFileType = file.storyboard; name = Base; path = Base.lproj/Main.storyboard; sourceTree = "<group>"; };
		60BD60041DC8E6880061FF93 /* Assets.xcassets */ = {isa = PBXFileReference; lastKnownFileType = folder.assetcatalog; path = Assets.xcassets; sourceTree = "<group>"; };
		60BD60071DC8E6880061FF93 /* Base */ = {isa = PBXFileReference; lastKnownFileType = file.storyboard; name = Base; path = Base.lproj/LaunchScreen.storyboard; sourceTree = "<group>"; };
		60BD60091DC8E6880061FF93 /* Info.plist */ = {isa = PBXFileReference; lastKnownFileType = text.plist.xml; path = Info.plist; sourceTree = "<group>"; };
/* End PBXFileReference section */

/* Begin PBXFrameworksBuildPhase section */
		60BD5FF71DC8E6880061FF93 /* Frameworks */ = {
			isa = PBXFrameworksBuildPhase;
			buildActionMask = 2147483647;
			files = (
			);
			runOnlyForDeploymentPostprocessing = 0;
		};
/* End PBXFrameworksBuildPhase section */

/* Begin PBXGroup section */
		60BD5FF11DC8E6880061FF93 = {
			isa = PBXGroup;
			children = (
				60BD5FFC1DC8E6880061FF93 /* JWPDemo */,
				60BD5FFB1DC8E6880061FF93 /* Products */,
			);
			sourceTree = "<group>";
		};
		60BD5FFB1DC8E6880061FF93 /* Products */ = {
			isa = PBXGroup;
			children = (
				60BD5FFA1DC8E6880061FF93 /* JWPDemo.app */,
			);
			name = Products;
			sourceTree = "<group>";
		};
		60BD5FFC1DC8E6880061FF93 /* JWPDemo */ = {
			isa = PBXGroup;
			children = (
				60BD5FFD1DC8E6880061FF93 /* AppDelegate.swift */,
				60BD5FFF1DC8E6880061FF93 /* ViewController.swift */,
				60BD60011DC8E6880061FF93 /* Main.storyboard */,
				60BD60041DC8E6880061FF93 /* Assets.xcassets */,
				60BD60061DC8E6880061FF93 /* LaunchScreen.storyboard */,
				60BD60091DC8E6880061FF93 /* Info.plist */,
			);
			path = JWPDemo;
			sourceTree = "<group>";
		};
/* End PBXGroup section */

/* Begin PBXNativeTarget section */
		60BD5FF91DC8E6880061FF93 /* JWPDemo */ = {
			isa = PBXNativeTarget;
			buildConfigurationList = 60BD600C1DC8E6880061FF93 /* Build configuration list for PBXNativeTarget "JWPDemo" */;
			buildPhases = (
				60BD5FF61DC8E6880061FF93 /* Sources */,
				60BD5FF71DC8E6880061FF93 /* Frameworks */,
				60BD5FF81DC8E6880061FF93 /* Resources */,
			);
			buildRules = (
			);
			dependencies = (
			);
			name = JWPDemo;
			productName = JWPDemo;
			productReference = 60BD5FFA1DC8E6880061FF93 /* JWPDemo.app */;
			productType = "com.apple.product-type.application";
		};
/* End PBXNativeTarget section */

/* Begin PBXProject section */
		60BD5FF21DC8E6880061FF93 /* Project object */ = {
			isa = PBXProject;
			attributes = {
				LastSwiftUpdateCheck = 0810;
				LastUpgradeCheck = 0810;
				ORGANIZATIONNAME = "fawad farooq";
				TargetAttributes = {
					60BD5FF91DC8E6880061FF93 = {
						CreatedOnToolsVersion = 8.1;
						DevelopmentTeam = 7YR7E4X5MH;
						ProvisioningStyle = Automatic;
					};
				};
			};
			buildConfigurationList = 60BD5FF51DC8E6880061FF93 /* Build configuration list for PBXProject "JWPDemo" */;
			compatibilityVersion = "Xcode 3.2";
			developmentRegion = English;
			hasScannedForEncodings = 0;
			knownRegions = (
				en,
				Base,
			);
			mainGroup = 60BD5FF11DC8E6880061FF93;
			productRefGroup = 60BD5FFB1DC8E6880061FF93 /* Products */;
			projectDirPath = "";
			projectRoot = "";
			targets = (
				60BD5FF91DC8E6880061FF93 /* JWPDemo */,
			);
		};
/* End PBXProject section */

/* Begin PBXResourcesBuildPhase section */
		60BD5FF81DC8E6880061FF93 /* Resources */ = {
			isa = PBXResourcesBuildPhase;
			buildActionMask = 2147483647;
			files = (
				60BD60081DC8E6880061FF93 /* LaunchScreen.storyboard in Resources */,
				60BD60051DC8E6880061FF93 /* Assets.xcassets in Resources */,
				60BD60031DC8E6880061FF93 /* Main.storyboard in Resources */,
			);
			runOnlyForDeploymentPostprocessing = 0;
		};
/* End PBXResourcesBuildPhase section */

/* Begin PBXSourcesBuildPhase section */
		60BD5FF61DC8E6880061FF93 /* Sources */ = {
			isa = PBXSourcesBuildPhase;
			buildActionMask = 2147483647;
			files = (
				60BD60001DC8E6880061FF93 /* ViewController.swift in Sources */,
				60BD5FFE1DC8E6880061FF93 /* AppDelegate.swift in Sources */,
			);
			runOnlyForDeploymentPostprocessing = 0;
		};
/* End PBXSourcesBuildPhase section */

/* Begin PBXVariantGroup section */
		60BD60011DC8E6880061FF93 /* Main.storyboard */ = {
			isa = PBXVariantGroup;
			children = (
				60BD60021DC8E6880061FF93 /* Base */,
			);
			name = Main.storyboard;
			sourceTree = "<group>";
		};
		60BD60061DC8E6880061FF93 /* LaunchScreen.storyboard */ = {
			isa = PBXVariantGroup;
			children = (
				60BD60071DC8E6880061FF93 /* Base */,
			);
			name = LaunchScreen.storyboard;
			sourceTree = "<group>";
		};
/* End PBXVariantGroup section */

/* Begin XCBuildConfiguration section */
		60BD600A1DC8E6880061FF93 /* Debug */ = {
			isa = XCBuildConfiguration;
			buildSettings = {
				ALWAYS_SEARCH_USER_PATHS = NO;
				CLANG_ANALYZER_NONNULL = YES;
				CLANG_CXX_LANGUAGE_STANDARD = "gnu++0x";
				CLANG_CXX_LIBRARY = "libc++";
				CLANG_ENABLE_MODULES = YES;
				CLANG_ENABLE_OBJC_ARC = YES;
				CLANG_WARN_BOOL_CONVERSION = YES;
				CLANG_WARN_CONSTANT_CONVERSION = YES;
				CLANG_WARN_DIRECT_OBJC_ISA_USAGE = YES_ERROR;
				CLANG_WARN_DOCUMENTATION_COMMENTS = YES;
				CLANG_WARN_EMPTY_BODY = YES;
				CLANG_WARN_ENUM_CONVERSION = YES;
				CLANG_WARN_INFINITE_RECURSION = YES;
				CLANG_WARN_INT_CONVERSION = YES;
				CLANG_WARN_OBJC_ROOT_CLASS = YES_ERROR;
				CLANG_WARN_SUSPICIOUS_MOVES = YES;
				CLANG_WARN_UNREACHABLE_CODE = YES;
				CLANG_WARN__DUPLICATE_METHOD_MATCH = YES;
				"CODE_SIGN_IDENTITY[sdk=iphoneos*]" = "iPhone Developer";
				COPY_PHASE_STRIP = NO;
				DEBUG_INFORMATION_FORMAT = dwarf;
				ENABLE_STRICT_OBJC_MSGSEND = YES;
				ENABLE_TESTABILITY = YES;
				GCC_C_LANGUAGE_STANDARD = gnu99;
				GCC_DYNAMIC_NO_PIC = NO;
				GCC_NO_COMMON_BLOCKS = YES;
				GCC_OPTIMIZATION_LEVEL = 0;
				GCC_PREPROCESSOR_DEFINITIONS = (
					"DEBUG=1",
					"$(inherited)",
				);
				GCC_WARN_64_TO_32_BIT_CONVERSION = YES;
				GCC_WARN_ABOUT_RETURN_TYPE = YES_ERROR;
				GCC_WARN_UNDECLARED_SELECTOR = YES;
				GCC_WARN_UNINITIALIZED_AUTOS = YES_AGGRESSIVE;
				GCC_WARN_UNUSED_FUNCTION = YES;
				GCC_WARN_UNUSED_VARIABLE = YES;
				IPHONEOS_DEPLOYMENT_TARGET = 10.1;
				MTL_ENABLE_DEBUG_INFO = YES;
				ONLY_ACTIVE_ARCH = YES;
				SDKROOT = iphoneos;
				SWIFT_ACTIVE_COMPILATION_CONDITIONS = DEBUG;
				SWIFT_OPTIMIZATION_LEVEL = "-Onone";
			};
			name = Debug;
		};
		60BD600B1DC8E6880061FF93 /* Release */ = {
			isa = XCBuildConfiguration;
			buildSettings = {
				ALWAYS_SEARCH_USER_PATHS = NO;
				CLANG_ANALYZER_NONNULL = YES;
				CLANG_CXX_LANGUAGE_STANDARD = "gnu++0x";
				CLANG_CXX_LIBRARY = "libc++";
				CLANG_ENABLE_MODULES = YES;
				CLANG_ENABLE_OBJC_ARC = YES;
				CLANG_WARN_BOOL_CONVERSION = YES;
				CLANG_WARN_CONSTANT_CONVERSION = YES;
				CLANG_WARN_DIRECT_OBJC_ISA_USAGE = YES_ERROR;
				CLANG_WARN_DOCUMENTATION_COMMENTS = YES;
				CLANG_WARN_EMPTY_BODY = YES;
				CLANG_WARN_ENUM_CONVERSION = YES;
				CLANG_WARN_INFINITE_RECURSION = YES;
				CLANG_WARN_INT_CONVERSION = YES;
				CLANG_WARN_OBJC_ROOT_CLASS = YES_ERROR;
				CLANG_WARN_SUSPICIOUS_MOVES = YES;
				CLANG_WARN_UNREACHABLE_CODE = YES;
				CLANG_WARN__DUPLICATE_METHOD_MATCH = YES;
				"CODE_SIGN_IDENTITY[sdk=iphoneos*]" = "iPhone Developer";
				COPY_PHASE_STRIP = NO;
				DEBUG_INFORMATION_FORMAT = "dwarf-with-dsym";
				ENABLE_NS_ASSERTIONS = NO;
				ENABLE_STRICT_OBJC_MSGSEND = YES;
				GCC_C_LANGUAGE_STANDARD = gnu99;
				GCC_NO_COMMON_BLOCKS = YES;
				GCC_WARN_64_TO_32_BIT_CONVERSION = YES;
				GCC_WARN_ABOUT_RETURN_TYPE = YES_ERROR;
				GCC_WARN_UNDECLARED_SELECTOR = YES;
				GCC_WARN_UNINITIALIZED_AUTOS = YES_AGGRESSIVE;
				GCC_WARN_UNUSED_FUNCTION = YES;
				GCC_WARN_UNUSED_VARIABLE = YES;
				IPHONEOS_DEPLOYMENT_TARGET = 10.1;
				MTL_ENABLE_DEBUG_INFO = NO;
				SDKROOT = iphoneos;
				SWIFT_OPTIMIZATION_LEVEL = "-Owholemodule";
				VALIDATE_PRODUCT = YES;
			};
			name = Release;
		};
		60BD600D1DC8E6880061FF93 /* Debug */ = {
			isa = XCBuildConfiguration;
			buildSettings = {
				ASSETCATALOG_COMPILER_APPICON_NAME = AppIcon;
				DEVELOPMENT_TEAM = 7YR7E4X5MH;
				INFOPLIST_FILE = JWPDemo/Info.plist;
				LD_RUNPATH_SEARCH_PATHS = "$(inherited) @executable_path/Frameworks";
				PRODUCT_BUNDLE_IDENTIFIER = com.vertex.JWPDemo;
				PRODUCT_NAME = "$(TARGET_NAME)";
				SWIFT_VERSION = 3.0;
			};
			name = Debug;
		};
		60BD600E1DC8E6880061FF93 /* Release */ = {
			isa = XCBuildConfiguration;
			buildSettings = {
				ASSETCATALOG_COMPILER_APPICON_NAME = AppIcon;
				DEVELOPMENT_TEAM = 7YR7E4X5MH;
				INFOPLIST_FILE = JWPDemo/Info.plist;
				LD_RUNPATH_SEARCH_PATHS = "$(inherited) @executable_path/Frameworks";
				PRODUCT_BUNDLE_IDENTIFIER = com.vertex.JWPDemo;
				PRODUCT_NAME = "$(TARGET_NAME)";
				SWIFT_VERSION = 3.0;
			};
			name = Release;
		};
/* End XCBuildConfiguration section */

/* Begin XCConfigurationList section */
		60BD5FF51DC8E6880061FF93 /* Build configuration list for PBXProject "JWPDemo" */ = {
			isa = XCConfigurationList;
			buildConfigurations = (
				60BD600A1DC8E6880061FF93 /* Debug */,
				60BD600B1DC8E6880061FF93 /* Release */,
			);
			defaultConfigurationIsVisible = 0;
			defaultConfigurationName = Release;
		};
		60BD600C1DC8E6880061FF93 /* Build configuration list for PBXNativeTarget "JWPDemo" */ = {
			isa = XCConfigurationList;
			buildConfigurations = (
				60BD600D1DC8E6880061FF93 /* Debug */,
				60BD600E1DC8E6880061FF93 /* Release */,
			);
			defaultConfigurationIsVisible = 0;
		};
/* End XCConfigurationList section */
	};
	rootObject = 60BD5FF21DC8E6880061FF93 /* Project object */;
}
